
Microsoft Visual Studio Solution File, Format Version 12.00
# Visual Studio Version 16
VisualStudioVersion = 16.0.30907.101
MinimumVisualStudioVersion = 10.0.40219.1
Project("{FAE04EC0-301F-11D3-BF4B-00C04F79EFBC}") = "Task1", "Task1\Task1.csproj", "{F3919AAA-86F9-44F6-9488-392BA78E3E1B}"
EndProject
Global
	GlobalSection(SolutionConfigurationPlatforms) = preSolution
		Debug|Any CPU = Debug|Any CPU
		Release|Any CPU = Release|Any CPU
	EndGlobalSection
	GlobalSection(ProjectConfigurationPlatforms) = postSolution
		{F3919AAA-86F9-44F6-9488-392BA78E3E1B}.Debug|Any CPU.ActiveCfg = Debug|Any CPU
		{F3919AAA-86F9-44F6-9488-392BA78E3E1B}.Debug|Any CPU.Build.0 = Debug|Any CPU
		{F3919AAA-86F9-44F6-9488-392BA78E3E1B}.Release|Any CPU.ActiveCfg = Release|Any CPU
		{F3919AAA-86F9-44F6-9488-392BA78E3E1B}.Release|Any CPU.Build.0 = Release|Any CPU
	EndGlobalSection
	GlobalSection(SolutionProperties) = preSolution
		HideSolutionNode = FALSE
	EndGlobalSection
	GlobalSection(ExtensibilityGlobals) = postSolution
		SolutionGuid = {9F419A64-D1C3-4D11-8ABB-164C0D240D23}
	EndGlobalSection
EndGlobal
